
Microsoft Visual Studio Solution File, Format Version 12.00
# Visual Studio Version 16
VisualStudioVersion = 16.0.33927.289
MinimumVisualStudioVersion = 10.0.40219.1
Project("{2150E333-8FDC-42A3-9474-1A3956D46DE8}") = "Task0", "Task0", "{454BF2FC-1B22-492E-8CE0-8DA8064C2FC7}"
EndProject
Project("{8BC9CEB8-8B4A-11D0-8D11-00A0C91BC942}") = "Tyuiu.KosovskihVA.Sprint1.Task0", "Tyuiu.KosovskihVA.Sprint1.Task0\Tyuiu.KosovskihVA.Sprint1.Task0.vcxproj", "{7688BDB8-903E-4173-A030-F27992BEA69A}"
EndProject
Project("{8BC9CEB8-8B4A-11D0-8D11-00A0C91BC942}") = "Tyuiu.KosovskihVA.Sprint1.Task0.Lib", "Tyuiu.KosovskihVA.Sprint1.Task0.Lib\Tyuiu.KosovskihVA.Sprint1.Task0.Lib.vcxproj", "{1A36E977-7EC9-497D-8472-77938B97E07E}"
EndProject
Project("{8BC9CEB8-8B4A-11D0-8D11-00A0C91BC942}") = "Tyuiu.Cours.cpp", "Tyuiu.Cours.cpp\Tyuiu.Cours.cpp.vcxproj", "{71667551-DC89-4E91-B409-EC47AE10CC12}"
EndProject
Project("{8BC9CEB8-8B4A-11D0-8D11-00A0C91BC942}") = "Tyuiu.KosovskihVA.Sprint1.Task0.Test", "Tyuiu.KosovskihVA.Sprint1.Task0.Test\Tyuiu.KosovskihVA.Sprint1.Task0.Test.vcxproj", "{7F9F5CD9-162D-403D-8A6B-E3FA4FDB5E00}"
EndProject
Project("{2150E333-8FDC-42A3-9474-1A3956D46DE8}") = "Task1", "Task1", "{FD52A230-FB42-4F05-95CB-F6B2C4D7861E}"
EndProject
Project("{8BC9CEB8-8B4A-11D0-8D11-00A0C91BC942}") = "Tyuiu.KosovskihVA.Sprint1.Task1", "Tyuiu.KosovskihVA.Sprint1.Task1\Tyuiu.KosovskihVA.Sprint1.Task1.vcxproj", "{768586B2-555D-444B-8965-28A775022C6D}"
EndProject
Project("{8BC9CEB8-8B4A-11D0-8D11-00A0C91BC942}") = "Tyuiu.KosovskihVA.Sprint1.Task1.Lib", "Tyuiu.KosovskihVA.Sprint1.Task1.Lib\Tyuiu.KosovskihVA.Sprint1.Task1.Lib.vcxproj", "{F9C52BB8-7284-4DE3-AB6F-5E04218EB9AC}"
EndProject
Project("{8BC9CEB8-8B4A-11D0-8D11-00A0C91BC942}") = "Tyuiu.KosovskihVA.Sprint1.Task1.Test", "Tyuiu.KosovskihVA.Sprint1.Task1.Test\Tyuiu.KosovskihVA.Sprint1.Task1.Test.vcxproj", "{C84937A4-E896-4ECC-8476-B1BC36FD4C3B}"
EndProject
Project("{2150E333-8FDC-42A3-9474-1A3956D46DE8}") = "Task2", "Task2", "{2C616EA7-21D5-4814-BAAC-A9AA3DD9DBEA}"
EndProject
Project("{8BC9CEB8-8B4A-11D0-8D11-00A0C91BC942}") = "Tyuiu.KosovskihVA.Sprint1.Task2.Lib", "Tyuiu.KosovskihVA.Sprint1.Task2.Lib\Tyuiu.KosovskihVA.Sprint1.Task2.Lib.vcxproj", "{4433C522-5DB5-4744-BAE8-7FCE8046E66C}"
EndProject
Project("{8BC9CEB8-8B4A-11D0-8D11-00A0C91BC942}") = "Tyuiu.KosovskihVA.Sprint1.Task2", "Tyuiu.KosovskihVA.Sprint1.Task2\Tyuiu.KosovskihVA.Sprint1.Task2.vcxproj", "{0AAFF996-1F0F-4C9B-A431-5FD4F6A3E52F}"
EndProject
Project("{8BC9CEB8-8B4A-11D0-8D11-00A0C91BC942}") = "Tyuiu.KosovskihVA.Sprint1.Task2.Test", "Tyuiu.KosovskihVA.Sprint1.Task2.Test\Tyuiu.KosovskihVA.Sprint1.Task2.Test.vcxproj", "{443158D0-64FD-496D-A848-B57F603481BD}"
EndProject
Project("{2150E333-8FDC-42A3-9474-1A3956D46DE8}") = "Task3", "Task3", "{259C7AD4-1387-455E-85D4-D0035CEF8BBB}"
EndProject
Project("{8BC9CEB8-8B4A-11D0-8D11-00A0C91BC942}") = "Tyuiu.KosovskihVA.Sprint1.Task3.Lib", "Tyuiu.KosovskihVA.Sprint1.Task3.Lib\Tyuiu.KosovskihVA.Sprint1.Task3.Lib.vcxproj", "{D2633AD0-8298-4DD5-A80C-8DC6C76F66C9}"
EndProject
Project("{8BC9CEB8-8B4A-11D0-8D11-00A0C91BC942}") = "Tyuiu.KosovskihVA.Sprint1.Task3", "Tyuiu.KosovskihVA.Sprint1.Task3\Tyuiu.KosovskihVA.Sprint1.Task3.vcxproj", "{FB8076A4-6B58-4155-BCEB-6E7FC510F4AF}"
EndProject
Project("{8BC9CEB8-8B4A-11D0-8D11-00A0C91BC942}") = "Tyuiu.KosovskihVA.Sprint1.Task3.Test", "Tyuiu.KosovskihVA.Sprint1.Task3.Test\Tyuiu.KosovskihVA.Sprint1.Task3.Test.vcxproj", "{9B590B5D-31EC-4461-A4E4-894D834D9A18}"
EndProject
Project("{2150E333-8FDC-42A3-9474-1A3956D46DE8}") = "Task4", "Task4", "{421888D4-1836-47F4-8F59-3087DACB428F}"
EndProject
Project("{8BC9CEB8-8B4A-11D0-8D11-00A0C91BC942}") = "Tyuiu.KosovskihVA.Sprint1.Task4", "Tyuiu.KosovskihVA.Sprint1.Task4\Tyuiu.KosovskihVA.Sprint1.Task4.vcxproj", "{F88613A8-9FB2-4772-9BF0-16C272873A67}"
EndProject
Project("{8BC9CEB8-8B4A-11D0-8D11-00A0C91BC942}") = "Tyuiu.KosovskihVA.Sprint1.Task4.Lib", "Tyuiu.KosovskihVA.Sprint1.Task4.Lib\Tyuiu.KosovskihVA.Sprint1.Task4.Lib.vcxproj", "{EB924021-7A43-4C87-8E77-234187066153}"
EndProject
Project("{8BC9CEB8-8B4A-11D0-8D11-00A0C91BC942}") = "Tyuiu.KosovskihVA.Sprint1.Task4.Test", "Tyuiu.KosovskihVA.Sprint1.Task4.Test\Tyuiu.KosovskihVA.Sprint1.Task4.Test.vcxproj", "{315C3458-1D04-40AB-B81A-D36604EAF9CD}"
EndProject
Global
	GlobalSection(SolutionConfigurationPlatforms) = preSolution
		Debug|x64 = Debug|x64
		Debug|x86 = Debug|x86
		Release|x64 = Release|x64
		Release|x86 = Release|x86
	EndGlobalSection
	GlobalSection(ProjectConfigurationPlatforms) = postSolution
		{7688BDB8-903E-4173-A030-F27992BEA69A}.Debug|x64.ActiveCfg = Debug|x64
		{7688BDB8-903E-4173-A030-F27992BEA69A}.Debug|x64.Build.0 = Debug|x64
		{7688BDB8-903E-4173-A030-F27992BEA69A}.Debug|x86.ActiveCfg = Debug|Win32
		{7688BDB8-903E-4173-A030-F27992BEA69A}.Debug|x86.Build.0 = Debug|Win32
		{7688BDB8-903E-4173-A030-F27992BEA69A}.Release|x64.ActiveCfg = Release|x64
		{7688BDB8-903E-4173-A030-F27992BEA69A}.Release|x64.Build.0 = Release|x64
		{7688BDB8-903E-4173-A030-F27992BEA69A}.Release|x86.ActiveCfg = Release|Win32
		{7688BDB8-903E-4173-A030-F27992BEA69A}.Release|x86.Build.0 = Release|Win32
		{1A36E977-7EC9-497D-8472-77938B97E07E}.Debug|x64.ActiveCfg = Debug|x64
		{1A36E977-7EC9-497D-8472-77938B97E07E}.Debug|x64.Build.0 = Debug|x64
		{1A36E977-7EC9-497D-8472-77938B97E07E}.Debug|x86.ActiveCfg = Debug|Win32
		{1A36E977-7EC9-497D-8472-77938B97E07E}.Debug|x86.Build.0 = Debug|Win32
		{1A36E977-7EC9-497D-8472-77938B97E07E}.Release|x64.ActiveCfg = Release|x64
		{1A36E977-7EC9-497D-8472-77938B97E07E}.Release|x64.Build.0 = Release|x64
		{1A36E977-7EC9-497D-8472-77938B97E07E}.Release|x86.ActiveCfg = Release|Win32
		{1A36E977-7EC9-497D-8472-77938B97E07E}.Release|x86.Build.0 = Release|Win32
		{71667551-DC89-4E91-B409-EC47AE10CC12}.Debug|x64.ActiveCfg = Debug|x64
		{71667551-DC89-4E91-B409-EC47AE10CC12}.Debug|x64.Build.0 = Debug|x64
		{71667551-DC89-4E91-B409-EC47AE10CC12}.Debug|x86.ActiveCfg = Debug|Win32
		{71667551-DC89-4E91-B409-EC47AE10CC12}.Debug|x86.Build.0 = Debug|Win32
		{71667551-DC89-4E91-B409-EC47AE10CC12}.Release|x64.ActiveCfg = Release|x64
		{71667551-DC89-4E91-B409-EC47AE10CC12}.Release|x64.Build.0 = Release|x64
		{71667551-DC89-4E91-B409-EC47AE10CC12}.Release|x86.ActiveCfg = Release|Win32
		{71667551-DC89-4E91-B409-EC47AE10CC12}.Release|x86.Build.0 = Release|Win32
		{7F9F5CD9-162D-403D-8A6B-E3FA4FDB5E00}.Debug|x64.ActiveCfg = Debug|x64
		{7F9F5CD9-162D-403D-8A6B-E3FA4FDB5E00}.Debug|x64.Build.0 = Debug|x64
		{7F9F5CD9-162D-403D-8A6B-E3FA4FDB5E00}.Debug|x86.ActiveCfg = Debug|Win32
		{7F9F5CD9-162D-403D-8A6B-E3FA4FDB5E00}.Debug|x86.Build.0 = Debug|Win32
		{7F9F5CD9-162D-403D-8A6B-E3FA4FDB5E00}.Release|x64.ActiveCfg = Release|x64
		{7F9F5CD9-162D-403D-8A6B-E3FA4FDB5E00}.Release|x64.Build.0 = Release|x64
		{7F9F5CD9-162D-403D-8A6B-E3FA4FDB5E00}.Release|x86.ActiveCfg = Release|Win32
		{7F9F5CD9-162D-403D-8A6B-E3FA4FDB5E00}.Release|x86.Build.0 = Release|Win32
		{768586B2-555D-444B-8965-28A775022C6D}.Debug|x64.ActiveCfg = Debug|x64
		{768586B2-555D-444B-8965-28A775022C6D}.Debug|x64.Build.0 = Debug|x64
		{768586B2-555D-444B-8965-28A775022C6D}.Debug|x86.ActiveCfg = Debug|Win32
		{768586B2-555D-444B-8965-28A775022C6D}.Debug|x86.Build.0 = Debug|Win32
		{768586B2-555D-444B-8965-28A775022C6D}.Release|x64.ActiveCfg = Release|x64
		{768586B2-555D-444B-8965-28A775022C6D}.Release|x64.Build.0 = Release|x64
		{768586B2-555D-444B-8965-28A775022C6D}.Release|x86.ActiveCfg = Release|Win32
		{768586B2-555D-444B-8965-28A775022C6D}.Release|x86.Build.0 = Release|Win32
		{F9C52BB8-7284-4DE3-AB6F-5E04218EB9AC}.Debug|x64.ActiveCfg = Debug|x64
		{F9C52BB8-7284-4DE3-AB6F-5E04218EB9AC}.Debug|x64.Build.0 = Debug|x64
		{F9C52BB8-7284-4DE3-AB6F-5E04218EB9AC}.Debug|x86.ActiveCfg = Debug|Win32
		{F9C52BB8-7284-4DE3-AB6F-5E04218EB9AC}.Debug|x86.Build.0 = Debug|Win32
		{F9C52BB8-7284-4DE3-AB6F-5E04218EB9AC}.Release|x64.ActiveCfg = Release|x64
		{F9C52BB8-7284-4DE3-AB6F-5E04218EB9AC}.Release|x64.Build.0 = Release|x64
		{F9C52BB8-7284-4DE3-AB6F-5E04218EB9AC}.Release|x86.ActiveCfg = Release|Win32
		{F9C52BB8-7284-4DE3-AB6F-5E04218EB9AC}.Release|x86.Build.0 = Release|Win32
		{C84937A4-E896-4ECC-8476-B1BC36FD4C3B}.Debug|x64.ActiveCfg = Debug|x64
		{C84937A4-E896-4ECC-8476-B1BC36FD4C3B}.Debug|x64.Build.0 = Debug|x64
		{C84937A4-E896-4ECC-8476-B1BC36FD4C3B}.Debug|x86.ActiveCfg = Debug|Win32
		{C84937A4-E896-4ECC-8476-B1BC36FD4C3B}.Debug|x86.Build.0 = Debug|Win32
		{C84937A4-E896-4ECC-8476-B1BC36FD4C3B}.Release|x64.ActiveCfg = Release|x64
		{C84937A4-E896-4ECC-8476-B1BC36FD4C3B}.Release|x64.Build.0 = Release|x64
		{C84937A4-E896-4ECC-8476-B1BC36FD4C3B}.Release|x86.ActiveCfg = Release|Win32
		{C84937A4-E896-4ECC-8476-B1BC36FD4C3B}.Release|x86.Build.0 = Release|Win32
		{4433C522-5DB5-4744-BAE8-7FCE8046E66C}.Debug|x64.ActiveCfg = Debug|x64
		{4433C522-5DB5-4744-BAE8-7FCE8046E66C}.Debug|x64.Build.0 = Debug|x64
		{4433C522-5DB5-4744-BAE8-7FCE8046E66C}.Debug|x86.ActiveCfg = Debug|Win32
		{4433C522-5DB5-4744-BAE8-7FCE8046E66C}.Debug|x86.Build.0 = Debug|Win32
		{4433C522-5DB5-4744-BAE8-7FCE8046E66C}.Release|x64.ActiveCfg = Release|x64
		{4433C522-5DB5-4744-BAE8-7FCE8046E66C}.Release|x64.Build.0 = Release|x64
		{4433C522-5DB5-4744-BAE8-7FCE8046E66C}.Release|x86.ActiveCfg = Release|Win32
		{4433C522-5DB5-4744-BAE8-7FCE8046E66C}.Release|x86.Build.0 = Release|Win32
		{0AAFF996-1F0F-4C9B-A431-5FD4F6A3E52F}.Debug|x64.ActiveCfg = Debug|x64
		{0AAFF996-1F0F-4C9B-A431-5FD4F6A3E52F}.Debug|x64.Build.0 = Debug|x64
		{0AAFF996-1F0F-4C9B-A431-5FD4F6A3E52F}.Debug|x86.ActiveCfg = Debug|Win32
		{0AAFF996-1F0F-4C9B-A431-5FD4F6A3E52F}.Debug|x86.Build.0 = Debug|Win32
		{0AAFF996-1F0F-4C9B-A431-5FD4F6A3E52F}.Release|x64.ActiveCfg = Release|x64
		{0AAFF996-1F0F-4C9B-A431-5FD4F6A3E52F}.Release|x64.Build.0 = Release|x64
		{0AAFF996-1F0F-4C9B-A431-5FD4F6A3E52F}.Release|x86.ActiveCfg = Release|Win32
		{0AAFF996-1F0F-4C9B-A431-5FD4F6A3E52F}.Release|x86.Build.0 = Release|Win32
		{443158D0-64FD-496D-A848-B57F603481BD}.Debug|x64.ActiveCfg = Debug|x64
		{443158D0-64FD-496D-A848-B57F603481BD}.Debug|x64.Build.0 = Debug|x64
		{443158D0-64FD-496D-A848-B57F603481BD}.Debug|x86.ActiveCfg = Debug|Win32
		{443158D0-64FD-496D-A848-B57F603481BD}.Debug|x86.Build.0 = Debug|Win32
		{443158D0-64FD-496D-A848-B57F603481BD}.Release|x64.ActiveCfg = Release|x64
		{443158D0-64FD-496D-A848-B57F603481BD}.Release|x64.Build.0 = Release|x64
		{443158D0-64FD-496D-A848-B57F603481BD}.Release|x86.ActiveCfg = Release|Win32
		{443158D0-64FD-496D-A848-B57F603481BD}.Release|x86.Build.0 = Release|Win32
		{D2633AD0-8298-4DD5-A80C-8DC6C76F66C9}.Debug|x64.ActiveCfg = Debug|x64
		{D2633AD0-8298-4DD5-A80C-8DC6C76F66C9}.Debug|x64.Build.0 = Debug|x64
		{D2633AD0-8298-4DD5-A80C-8DC6C76F66C9}.Debug|x86.ActiveCfg = Debug|Win32
		{D2633AD0-8298-4DD5-A80C-8DC6C76F66C9}.Debug|x86.Build.0 = Debug|Win32
		{D2633AD0-8298-4DD5-A80C-8DC6C76F66C9}.Release|x64.ActiveCfg = Release|x64
		{D2633AD0-8298-4DD5-A80C-8DC6C76F66C9}.Release|x64.Build.0 = Release|x64
		{D2633AD0-8298-4DD5-A80C-8DC6C76F66C9}.Release|x86.ActiveCfg = Release|Win32
		{D2633AD0-8298-4DD5-A80C-8DC6C76F66C9}.Release|x86.Build.0 = Release|Win32
		{FB8076A4-6B58-4155-BCEB-6E7FC510F4AF}.Debug|x64.ActiveCfg = Debug|x64
		{FB8076A4-6B58-4155-BCEB-6E7FC510F4AF}.Debug|x64.Build.0 = Debug|x64
		{FB8076A4-6B58-4155-BCEB-6E7FC510F4AF}.Debug|x86.ActiveCfg = Debug|Win32
		{FB8076A4-6B58-4155-BCEB-6E7FC510F4AF}.Debug|x86.Build.0 = Debug|Win32
		{FB8076A4-6B58-4155-BCEB-6E7FC510F4AF}.Release|x64.ActiveCfg = Release|x64
		{FB8076A4-6B58-4155-BCEB-6E7FC510F4AF}.Release|x64.Build.0 = Release|x64
		{FB8076A4-6B58-4155-BCEB-6E7FC510F4AF}.Release|x86.ActiveCfg = Release|Win32
		{FB8076A4-6B58-4155-BCEB-6E7FC510F4AF}.Release|x86.Build.0 = Release|Win32
		{9B590B5D-31EC-4461-A4E4-894D834D9A18}.Debug|x64.ActiveCfg = Debug|x64
		{9B590B5D-31EC-4461-A4E4-894D834D9A18}.Debug|x64.Build.0 = Debug|x64
		{9B590B5D-31EC-4461-A4E4-894D834D9A18}.Debug|x86.ActiveCfg = Debug|Win32
		{9B590B5D-31EC-4461-A4E4-894D834D9A18}.Debug|x86.Build.0 = Debug|Win32
		{9B590B5D-31EC-4461-A4E4-894D834D9A18}.Release|x64.ActiveCfg = Release|x64
		{9B590B5D-31EC-4461-A4E4-894D834D9A18}.Release|x64.Build.0 = Release|x64
		{9B590B5D-31EC-4461-A4E4-894D834D9A18}.Release|x86.ActiveCfg = Release|Win32
		{9B590B5D-31EC-4461-A4E4-894D834D9A18}.Release|x86.Build.0 = Release|Win32
		{F88613A8-9FB2-4772-9BF0-16C272873A67}.Debug|x64.ActiveCfg = Debug|x64
		{F88613A8-9FB2-4772-9BF0-16C272873A67}.Debug|x64.Build.0 = Debug|x64
		{F88613A8-9FB2-4772-9BF0-16C272873A67}.Debug|x86.ActiveCfg = Debug|Win32
		{F88613A8-9FB2-4772-9BF0-16C272873A67}.Debug|x86.Build.0 = Debug|Win32
		{F88613A8-9FB2-4772-9BF0-16C272873A67}.Release|x64.ActiveCfg = Release|x64
		{F88613A8-9FB2-4772-9BF0-16C272873A67}.Release|x64.Build.0 = Release|x64
		{F88613A8-9FB2-4772-9BF0-16C272873A67}.Release|x86.ActiveCfg = Release|Win32
		{F88613A8-9FB2-4772-9BF0-16C272873A67}.Release|x86.Build.0 = Release|Win32
		{EB924021-7A43-4C87-8E77-234187066153}.Debug|x64.ActiveCfg = Debug|x64
		{EB924021-7A43-4C87-8E77-234187066153}.Debug|x64.Build.0 = Debug|x64
		{EB924021-7A43-4C87-8E77-234187066153}.Debug|x86.ActiveCfg = Debug|Win32
		{EB924021-7A43-4C87-8E77-234187066153}.Debug|x86.Build.0 = Debug|Win32
		{EB924021-7A43-4C87-8E77-234187066153}.Release|x64.ActiveCfg = Release|x64
		{EB924021-7A43-4C87-8E77-234187066153}.Release|x64.Build.0 = Release|x64
		{EB924021-7A43-4C87-8E77-234187066153}.Release|x86.ActiveCfg = Release|Win32
		{EB924021-7A43-4C87-8E77-234187066153}.Release|x86.Build.0 = Release|Win32
		{315C3458-1D04-40AB-B81A-D36604EAF9CD}.Debug|x64.ActiveCfg = Debug|x64
		{315C3458-1D04-40AB-B81A-D36604EAF9CD}.Debug|x64.Build.0 = Debug|x64
		{315C3458-1D04-40AB-B81A-D36604EAF9CD}.Debug|x86.ActiveCfg = Debug|Win32
		{315C3458-1D04-40AB-B81A-D36604EAF9CD}.Debug|x86.Build.0 = Debug|Win32
		{315C3458-1D04-40AB-B81A-D36604EAF9CD}.Release|x64.ActiveCfg = Release|x64
		{315C3458-1D04-40AB-B81A-D36604EAF9CD}.Release|x64.Build.0 = Release|x64
		{315C3458-1D04-40AB-B81A-D36604EAF9CD}.Release|x86.ActiveCfg = Release|Win32
		{315C3458-1D04-40AB-B81A-D36604EAF9CD}.Release|x86.Build.0 = Release|Win32
	EndGlobalSection
	GlobalSection(SolutionProperties) = preSolution
		HideSolutionNode = FALSE
	EndGlobalSection
	GlobalSection(NestedProjects) = preSolution
		{7688BDB8-903E-4173-A030-F27992BEA69A} = {454BF2FC-1B22-492E-8CE0-8DA8064C2FC7}
		{1A36E977-7EC9-497D-8472-77938B97E07E} = {454BF2FC-1B22-492E-8CE0-8DA8064C2FC7}
		{7F9F5CD9-162D-403D-8A6B-E3FA4FDB5E00} = {454BF2FC-1B22-492E-8CE0-8DA8064C2FC7}
		{768586B2-555D-444B-8965-28A775022C6D} = {FD52A230-FB42-4F05-95CB-F6B2C4D7861E}
		{F9C52BB8-7284-4DE3-AB6F-5E04218EB9AC} = {FD52A230-FB42-4F05-95CB-F6B2C4D7861E}
		{C84937A4-E896-4ECC-8476-B1BC36FD4C3B} = {FD52A230-FB42-4F05-95CB-F6B2C4D7861E}
		{4433C522-5DB5-4744-BAE8-7FCE8046E66C} = {2C616EA7-21D5-4814-BAAC-A9AA3DD9DBEA}
		{0AAFF996-1F0F-4C9B-A431-5FD4F6A3E52F} = {2C616EA7-21D5-4814-BAAC-A9AA3DD9DBEA}
		{443158D0-64FD-496D-A848-B57F603481BD} = {2C616EA7-21D5-4814-BAAC-A9AA3DD9DBEA}
		{D2633AD0-8298-4DD5-A80C-8DC6C76F66C9} = {259C7AD4-1387-455E-85D4-D0035CEF8BBB}
		{FB8076A4-6B58-4155-BCEB-6E7FC510F4AF} = {259C7AD4-1387-455E-85D4-D0035CEF8BBB}
		{9B590B5D-31EC-4461-A4E4-894D834D9A18} = {259C7AD4-1387-455E-85D4-D0035CEF8BBB}
		{F88613A8-9FB2-4772-9BF0-16C272873A67} = {421888D4-1836-47F4-8F59-3087DACB428F}
		{EB924021-7A43-4C87-8E77-234187066153} = {421888D4-1836-47F4-8F59-3087DACB428F}
		{315C3458-1D04-40AB-B81A-D36604EAF9CD} = {421888D4-1836-47F4-8F59-3087DACB428F}
	EndGlobalSection
	GlobalSection(ExtensibilityGlobals) = postSolution
		SolutionGuid = {E1F252FA-CC2B-4F97-B7E4-234F598978B4}
	EndGlobalSection
EndGlobal
